
Microsoft Visual Studio Solution File, Format Version 12.00
# Visual Studio Version 17
VisualStudioVersion = 17.0.31710.8
MinimumVisualStudioVersion = 10.0.40219.1
Project("{FAE04EC0-301F-11D3-BF4B-00C04F79EFBC}") = "Oef2", "Oef2\Oef2.csproj", "{4BE8F7A5-8903-454E-B122-D8EC4F719302}"
EndProject
Global
	GlobalSection(SolutionConfigurationPlatforms) = preSolution
		Debug|Any CPU = Debug|Any CPU
		Release|Any CPU = Release|Any CPU
	EndGlobalSection
	GlobalSection(ProjectConfigurationPlatforms) = postSolution
		{4BE8F7A5-8903-454E-B122-D8EC4F719302}.Debug|Any CPU.ActiveCfg = Debug|Any CPU
		{4BE8F7A5-8903-454E-B122-D8EC4F719302}.Debug|Any CPU.Build.0 = Debug|Any CPU
		{4BE8F7A5-8903-454E-B122-D8EC4F719302}.Release|Any CPU.ActiveCfg = Release|Any CPU
		{4BE8F7A5-8903-454E-B122-D8EC4F719302}.Release|Any CPU.Build.0 = Release|Any CPU
	EndGlobalSection
	GlobalSection(SolutionProperties) = preSolution
		HideSolutionNode = FALSE
	EndGlobalSection
	GlobalSection(ExtensibilityGlobals) = postSolution
		SolutionGuid = {28F90062-144F-423F-B157-EB275FD0DD2B}
	EndGlobalSection
EndGlobal
